
Microsoft Visual Studio Solution File, Format Version 12.00
# Visual Studio Version 17
VisualStudioVersion = 17.5.33424.131
MinimumVisualStudioVersion = 10.0.40219.1
Project("{9A19103F-16F7-4668-BE54-9A1E7A4F7556}") = "Ellesim.RestApi.Tests", "Ellesim.RestApi.Tests\Ellesim.RestApi.Tests.csproj", "{0805BF33-99AE-420C-A58D-AC782C417FB4}"
EndProject
Project("{FAE04EC0-301F-11D3-BF4B-00C04F79EFBC}") = "Ellesim.RestApi.Framework", "Ellesim.RestApi.Framework\Ellesim.RestApi.Framework.csproj", "{5E1574B0-FE3A-48D5-91B9-8B0D2062E274}"
EndProject
Global
	GlobalSection(SolutionConfigurationPlatforms) = preSolution
		Debug|Any CPU = Debug|Any CPU
		Release|Any CPU = Release|Any CPU
	EndGlobalSection
	GlobalSection(ProjectConfigurationPlatforms) = postSolution
		{0805BF33-99AE-420C-A58D-AC782C417FB4}.Debug|Any CPU.ActiveCfg = Debug|Any CPU
		{0805BF33-99AE-420C-A58D-AC782C417FB4}.Debug|Any CPU.Build.0 = Debug|Any CPU
		{0805BF33-99AE-420C-A58D-AC782C417FB4}.Release|Any CPU.ActiveCfg = Release|Any CPU
		{0805BF33-99AE-420C-A58D-AC782C417FB4}.Release|Any CPU.Build.0 = Release|Any CPU
		{5E1574B0-FE3A-48D5-91B9-8B0D2062E274}.Debug|Any CPU.ActiveCfg = Debug|Any CPU
		{5E1574B0-FE3A-48D5-91B9-8B0D2062E274}.Debug|Any CPU.Build.0 = Debug|Any CPU
		{5E1574B0-FE3A-48D5-91B9-8B0D2062E274}.Release|Any CPU.ActiveCfg = Release|Any CPU
		{5E1574B0-FE3A-48D5-91B9-8B0D2062E274}.Release|Any CPU.Build.0 = Release|Any CPU
	EndGlobalSection
	GlobalSection(SolutionProperties) = preSolution
		HideSolutionNode = FALSE
	EndGlobalSection
	GlobalSection(ExtensibilityGlobals) = postSolution
		SolutionGuid = {917575FD-6998-45A3-B0CC-37E0C13F84BD}
	EndGlobalSection
EndGlobal
